
Microsoft Visual Studio Solution File, Format Version 12.00
Project("{FAE04EC0-301F-11D3-BF4B-00C04F79EFBC}") = "VideoPlatform.API", "VideoPlatform.API\VideoPlatform.API.csproj", "{F6992326-1D53-495A-B5A9-E8CC0CDFDB9F}"
EndProject
Project("{FAE04EC0-301F-11D3-BF4B-00C04F79EFBC}") = "VideoPlatform.Data", "VideoPlatform.Data\VideoPlatform.Data.csproj", "{25DF1EBF-F6BB-43B5-BF25-0DC24B9B4AD9}"
EndProject
Project("{FAE04EC0-301F-11D3-BF4B-00C04F79EFBC}") = "VideoPlatform.Models", "VideoPlatform.Models\VideoPlatform.Models.csproj", "{C29666B8-2C0D-4B0D-945B-0F28B962166E}"
EndProject
Global
	GlobalSection(SolutionConfigurationPlatforms) = preSolution
		Debug|Any CPU = Debug|Any CPU
		Release|Any CPU = Release|Any CPU
	EndGlobalSection
	GlobalSection(ProjectConfigurationPlatforms) = postSolution
		{F6992326-1D53-495A-B5A9-E8CC0CDFDB9F}.Debug|Any CPU.ActiveCfg = Debug|Any CPU
		{F6992326-1D53-495A-B5A9-E8CC0CDFDB9F}.Debug|Any CPU.Build.0 = Debug|Any CPU
		{F6992326-1D53-495A-B5A9-E8CC0CDFDB9F}.Release|Any CPU.ActiveCfg = Release|Any CPU
		{F6992326-1D53-495A-B5A9-E8CC0CDFDB9F}.Release|Any CPU.Build.0 = Release|Any CPU
		{25DF1EBF-F6BB-43B5-BF25-0DC24B9B4AD9}.Debug|Any CPU.ActiveCfg = Debug|Any CPU
		{25DF1EBF-F6BB-43B5-BF25-0DC24B9B4AD9}.Debug|Any CPU.Build.0 = Debug|Any CPU
		{25DF1EBF-F6BB-43B5-BF25-0DC24B9B4AD9}.Release|Any CPU.ActiveCfg = Release|Any CPU
		{25DF1EBF-F6BB-43B5-BF25-0DC24B9B4AD9}.Release|Any CPU.Build.0 = Release|Any CPU
		{C29666B8-2C0D-4B0D-945B-0F28B962166E}.Debug|Any CPU.ActiveCfg = Debug|Any CPU
		{C29666B8-2C0D-4B0D-945B-0F28B962166E}.Debug|Any CPU.Build.0 = Debug|Any CPU
		{C29666B8-2C0D-4B0D-945B-0F28B962166E}.Release|Any CPU.ActiveCfg = Release|Any CPU
		{C29666B8-2C0D-4B0D-945B-0F28B962166E}.Release|Any CPU.Build.0 = Release|Any CPU
	EndGlobalSection
EndGlobal
